
Microsoft Visual Studio Solution File, Format Version 12.00
# Visual Studio Version 16
VisualStudioVersion = 16.0.30804.86
MinimumVisualStudioVersion = 10.0.40219.1
Project("{FAE04EC0-301F-11D3-BF4B-00C04F79EFBC}") = "SeguimientoAlumnos", "SeguimientoAlumnos\SeguimientoAlumnos.csproj", "{D20F8801-AAA9-4C5F-9953-DC49328B4495}"
EndProject
Project("{FAE04EC0-301F-11D3-BF4B-00C04F79EFBC}") = "Clases", "Clases\Clases.csproj", "{C18D2ECB-1648-4603-B2C2-07093ACF26E7}"
EndProject
Global
	GlobalSection(SolutionConfigurationPlatforms) = preSolution
		Debug|Any CPU = Debug|Any CPU
		Release|Any CPU = Release|Any CPU
	EndGlobalSection
	GlobalSection(ProjectConfigurationPlatforms) = postSolution
		{D20F8801-AAA9-4C5F-9953-DC49328B4495}.Debug|Any CPU.ActiveCfg = Debug|Any CPU
		{D20F8801-AAA9-4C5F-9953-DC49328B4495}.Debug|Any CPU.Build.0 = Debug|Any CPU
		{D20F8801-AAA9-4C5F-9953-DC49328B4495}.Release|Any CPU.ActiveCfg = Release|Any CPU
		{D20F8801-AAA9-4C5F-9953-DC49328B4495}.Release|Any CPU.Build.0 = Release|Any CPU
		{C18D2ECB-1648-4603-B2C2-07093ACF26E7}.Debug|Any CPU.ActiveCfg = Debug|Any CPU
		{C18D2ECB-1648-4603-B2C2-07093ACF26E7}.Debug|Any CPU.Build.0 = Debug|Any CPU
		{C18D2ECB-1648-4603-B2C2-07093ACF26E7}.Release|Any CPU.ActiveCfg = Release|Any CPU
		{C18D2ECB-1648-4603-B2C2-07093ACF26E7}.Release|Any CPU.Build.0 = Release|Any CPU
	EndGlobalSection
	GlobalSection(SolutionProperties) = preSolution
		HideSolutionNode = FALSE
	EndGlobalSection
	GlobalSection(ExtensibilityGlobals) = postSolution
		SolutionGuid = {65C11485-33A0-4851-9C8B-5E5DAB86BEC7}
	EndGlobalSection
EndGlobal
